
Microsoft Visual Studio Solution File, Format Version 12.00
# Visual Studio Version 16
VisualStudioVersion = 16.0.31424.327
MinimumVisualStudioVersion = 10.0.40219.1
Project("{FAE04EC0-301F-11D3-BF4B-00C04F79EFBC}") = "ANZ.ToyRobot", "ANZ.ToyRobot\ANZ.ToyRobot.csproj", "{006E8490-9647-4592-B140-FC3E60C509F8}"
EndProject
Project("{FAE04EC0-301F-11D3-BF4B-00C04F79EFBC}") = "ANZ.ToyRobot_UnitTest", "ANZ.ToyRobot_UnitTest\ANZ.ToyRobot_UnitTest.csproj", "{7FFCF574-1904-4189-BA92-785FFF535E7C}"
EndProject
Global
	GlobalSection(SolutionConfigurationPlatforms) = preSolution
		Debug|Any CPU = Debug|Any CPU
		Release|Any CPU = Release|Any CPU
	EndGlobalSection
	GlobalSection(ProjectConfigurationPlatforms) = postSolution
		{006E8490-9647-4592-B140-FC3E60C509F8}.Debug|Any CPU.ActiveCfg = Debug|Any CPU
		{006E8490-9647-4592-B140-FC3E60C509F8}.Debug|Any CPU.Build.0 = Debug|Any CPU
		{006E8490-9647-4592-B140-FC3E60C509F8}.Release|Any CPU.ActiveCfg = Release|Any CPU
		{006E8490-9647-4592-B140-FC3E60C509F8}.Release|Any CPU.Build.0 = Release|Any CPU
		{7FFCF574-1904-4189-BA92-785FFF535E7C}.Debug|Any CPU.ActiveCfg = Debug|Any CPU
		{7FFCF574-1904-4189-BA92-785FFF535E7C}.Debug|Any CPU.Build.0 = Debug|Any CPU
		{7FFCF574-1904-4189-BA92-785FFF535E7C}.Release|Any CPU.ActiveCfg = Release|Any CPU
		{7FFCF574-1904-4189-BA92-785FFF535E7C}.Release|Any CPU.Build.0 = Release|Any CPU
	EndGlobalSection
	GlobalSection(SolutionProperties) = preSolution
		HideSolutionNode = FALSE
	EndGlobalSection
	GlobalSection(ExtensibilityGlobals) = postSolution
		SolutionGuid = {737F80C6-5936-4497-A2EE-BF26FEC0C5E0}
	EndGlobalSection
EndGlobal
